{
  "version": "3",
  "packages": {
    "specifiers": {
      "jsr:@cliffy/ansi@1.0.0-rc.5": "jsr:@cliffy/ansi@1.0.0-rc.5",
      "jsr:@cliffy/ansi@^1.0.0-rc.5": "jsr:@cliffy/ansi@1.0.0-rc.5",
      "jsr:@cliffy/command@^1.0.0-rc.5": "jsr:@cliffy/command@1.0.0-rc.5",
      "jsr:@cliffy/flags@1.0.0-rc.5": "jsr:@cliffy/flags@1.0.0-rc.5",
      "jsr:@cliffy/internal@1.0.0-rc.5": "jsr:@cliffy/internal@1.0.0-rc.5",
      "jsr:@cliffy/keycode@1.0.0-rc.5": "jsr:@cliffy/keycode@1.0.0-rc.5",
      "jsr:@cliffy/prompt@^1.0.0-rc.5": "jsr:@cliffy/prompt@1.0.0-rc.5",
      "jsr:@cliffy/table@1.0.0-rc.5": "jsr:@cliffy/table@1.0.0-rc.5",
      "jsr:@cliffy/table@^1.0.0-rc.5": "jsr:@cliffy/table@1.0.0-rc.5",
      "jsr:@libs/typing@2": "jsr:@libs/typing@2.8.1",
      "jsr:@libs/xml@^5.4.13": "jsr:@libs/xml@5.4.13",
      "jsr:@std/assert@1.0.0-rc.2": "jsr:@std/assert@1.0.0-rc.2",
      "jsr:@std/cli@1.0.0-rc.2": "jsr:@std/cli@1.0.0-rc.2",
      "jsr:@std/datetime@^0.224.5": "jsr:@std/datetime@0.224.5",
      "jsr:@std/encoding@1.0.0-rc.2": "jsr:@std/encoding@1.0.0-rc.2",
      "jsr:@std/fmt@~0.225.4": "jsr:@std/fmt@0.225.6",
      "jsr:@std/io@~0.224.2": "jsr:@std/io@0.224.4",
      "jsr:@std/path@1.0.0-rc.2": "jsr:@std/path@1.0.0-rc.2",
      "jsr:@std/text@1.0.0-rc.1": "jsr:@std/text@1.0.0-rc.1",
      "npm:@types/node": "npm:@types/node@18.16.19"
    },
    "jsr": {
      "@cliffy/ansi@1.0.0-rc.5": {
        "integrity": "85a4dba4da5d8278dcdfeea98672cd15706c244833f82edc60c61f410d9fc1a9",
        "dependencies": [
          "jsr:@cliffy/internal@1.0.0-rc.5",
          "jsr:@std/encoding@1.0.0-rc.2",
          "jsr:@std/fmt@~0.225.4",
          "jsr:@std/io@~0.224.2"
        ]
      },
      "@cliffy/command@1.0.0-rc.5": {
        "integrity": "55e00a1d0ae38152fb275a89494a81ffb9b144eb9060107c0be5af46e1ba736c",
        "dependencies": [
          "jsr:@cliffy/flags@1.0.0-rc.5",
          "jsr:@cliffy/internal@1.0.0-rc.5",
          "jsr:@cliffy/table@1.0.0-rc.5",
          "jsr:@std/fmt@~0.225.4",
          "jsr:@std/text@1.0.0-rc.1"
        ]
      },
      "@cliffy/flags@1.0.0-rc.5": {
        "integrity": "bd33b7b399e0af353f5516d87a2d552d46ee7e7f4a6f0c0bc65fcce750710217",
        "dependencies": [
          "jsr:@std/text@1.0.0-rc.1"
        ]
      },
      "@cliffy/internal@1.0.0-rc.5": {
        "integrity": "1e8dca4fcfba1815bf1a899bb880e09f8b45284c352465ef8fb015887c1fc126"
      },
      "@cliffy/keycode@1.0.0-rc.5": {
        "integrity": "2bcb3cb13873f0b758664394e003fc0cfa751af37a076ca9ec6e574df77aa3a8"
      },
      "@cliffy/prompt@1.0.0-rc.5": {
        "integrity": "3573a4c5c460fc84dcc554e548acfc2616157b60a61a9781833967c5a76da9f0",
        "dependencies": [
          "jsr:@cliffy/ansi@1.0.0-rc.5",
          "jsr:@cliffy/internal@1.0.0-rc.5",
          "jsr:@cliffy/keycode@1.0.0-rc.5",
          "jsr:@std/assert@1.0.0-rc.2",
          "jsr:@std/fmt@~0.225.4",
          "jsr:@std/io@~0.224.2",
          "jsr:@std/path@1.0.0-rc.2",
          "jsr:@std/text@1.0.0-rc.1"
        ]
      },
      "@cliffy/table@1.0.0-rc.5": {
        "integrity": "2b3e1b4764bbb56b0c39aeba95bc0bb551d9bd4475fbb6d1ce368c08b7ef9eb3",
        "dependencies": [
          "jsr:@std/cli@1.0.0-rc.2",
          "jsr:@std/fmt@~0.225.4"
        ]
      },
      "@libs/typing@2.8.1": {
        "integrity": "08437a01ec51f74a20a5ab5d683475025f93a2ad641d2394a97e87f7b5194d78"
      },
      "@libs/xml@5.4.13": {
        "integrity": "995320d1ce4a29ced82233e5e46d47a880e338197bbd257a686bf9afcc3ac0e4",
        "dependencies": [
          "jsr:@libs/typing@2"
        ]
      },
      "@std/assert@1.0.0-rc.2": {
        "integrity": "0484eab1d76b55fca1c3beaff485a274e67dd3b9f065edcbe70030dfc0b964d3"
      },
      "@std/cli@1.0.0-rc.2": {
        "integrity": "97dfae82b9f0e189768ebfa7a5da53375955b94bad0a1804f8e3b73563b03787"
      },
      "@std/datetime@0.224.5": {
        "integrity": "363fca6e2e46c1e85139c10ba77745d25c0936abd112b8bfdc9b8fc3615added"
      },
      "@std/encoding@1.0.0-rc.2": {
        "integrity": "160d7674a20ebfbccdf610b3801fee91cf6e42d1c106dd46bbaf46e395cd35ef"
      },
      "@std/fmt@0.225.6": {
        "integrity": "aba6aea27f66813cecfd9484e074a9e9845782ab0685c030e453a8a70b37afc8"
      },
      "@std/io@0.224.4": {
        "integrity": "bce1151765e4e70e376039fd72c71672b4d4aae363878a5ee3e58361b81197ec"
      },
      "@std/path@1.0.0-rc.2": {
        "integrity": "39f20d37a44d1867abac8d91c169359ea6e942237a45a99ee1e091b32b921c7d"
      },
      "@std/text@1.0.0-rc.1": {
        "integrity": "34c722203e87ee12792c8d4a0cd2ee0e001341cbce75b860fc21be19d62232b0"
      }
    },
    "npm": {
      "@types/node@18.16.19": {
        "integrity": "sha512-IXl7o+R9iti9eBW4Wg2hx1xQDig183jj7YLn8F7udNceyfkbn1ZxmzZXuak20gR40D7pIkIY1kYGx5VIGbaHKA==",
        "dependencies": {}
      }
    }
  },
  "remote": {},
  "workspace": {
    "dependencies": [
      "jsr:@cliffy/ansi@^1.0.0-rc.5",
      "jsr:@cliffy/command@^1.0.0-rc.5",
      "jsr:@cliffy/prompt@^1.0.0-rc.5",
      "jsr:@cliffy/table@^1.0.0-rc.5",
      "jsr:@libs/xml@^5.4.13",
      "jsr:@std/datetime@^0.224.5"
    ]
  }
}
